
Microsoft Visual Studio Solution File, Format Version 12.00
# Visual Studio Version 16
VisualStudioVersion = 16.0.31702.278
MinimumVisualStudioVersion = 10.0.40219.1
Project("{8BC9CEB8-8B4A-11D0-8D11-00A0C91BC942}") = "Lab-6.4-2", "Lab-6.4-2\Lab-6.4-2.vcxproj", "{8EBA1695-6EF7-4270-A93D-76F18257EEB5}"
EndProject
Project("{8BC9CEB8-8B4A-11D0-8D11-00A0C91BC942}") = "UnitTest6.4.2", "UnitTest6.4.2\UnitTest6.4.2.vcxproj", "{F8BA8CDB-0DC7-467C-B6D3-6F1D881C807E}"
EndProject
Global
	GlobalSection(SolutionConfigurationPlatforms) = preSolution
		Debug|x64 = Debug|x64
		Debug|x86 = Debug|x86
		Release|x64 = Release|x64
		Release|x86 = Release|x86
	EndGlobalSection
	GlobalSection(ProjectConfigurationPlatforms) = postSolution
		{8EBA1695-6EF7-4270-A93D-76F18257EEB5}.Debug|x64.ActiveCfg = Debug|x64
		{8EBA1695-6EF7-4270-A93D-76F18257EEB5}.Debug|x64.Build.0 = Debug|x64
		{8EBA1695-6EF7-4270-A93D-76F18257EEB5}.Debug|x86.ActiveCfg = Debug|Win32
		{8EBA1695-6EF7-4270-A93D-76F18257EEB5}.Debug|x86.Build.0 = Debug|Win32
		{8EBA1695-6EF7-4270-A93D-76F18257EEB5}.Release|x64.ActiveCfg = Release|x64
		{8EBA1695-6EF7-4270-A93D-76F18257EEB5}.Release|x64.Build.0 = Release|x64
		{8EBA1695-6EF7-4270-A93D-76F18257EEB5}.Release|x86.ActiveCfg = Release|Win32
		{8EBA1695-6EF7-4270-A93D-76F18257EEB5}.Release|x86.Build.0 = Release|Win32
		{F8BA8CDB-0DC7-467C-B6D3-6F1D881C807E}.Debug|x64.ActiveCfg = Debug|x64
		{F8BA8CDB-0DC7-467C-B6D3-6F1D881C807E}.Debug|x64.Build.0 = Debug|x64
		{F8BA8CDB-0DC7-467C-B6D3-6F1D881C807E}.Debug|x86.ActiveCfg = Debug|Win32
		{F8BA8CDB-0DC7-467C-B6D3-6F1D881C807E}.Debug|x86.Build.0 = Debug|Win32
		{F8BA8CDB-0DC7-467C-B6D3-6F1D881C807E}.Release|x64.ActiveCfg = Release|x64
		{F8BA8CDB-0DC7-467C-B6D3-6F1D881C807E}.Release|x64.Build.0 = Release|x64
		{F8BA8CDB-0DC7-467C-B6D3-6F1D881C807E}.Release|x86.ActiveCfg = Release|Win32
		{F8BA8CDB-0DC7-467C-B6D3-6F1D881C807E}.Release|x86.Build.0 = Release|Win32
	EndGlobalSection
	GlobalSection(SolutionProperties) = preSolution
		HideSolutionNode = FALSE
	EndGlobalSection
	GlobalSection(ExtensibilityGlobals) = postSolution
		SolutionGuid = {9702D82A-0FF0-4187-BFFF-3C362DB2AE22}
	EndGlobalSection
EndGlobal
